// !$*UTF8*$!
{
	archiveVersion = 1;
	classes = {
	};
	objectVersion = 50;
	objects = {

/* Begin PBXBuildFile section */
		66A0F4D325A6E26700B61D23 /* AppDelegate.m in Sources */ = {isa = PBXBuildFile; fileRef = 66A0F4D225A6E26700B61D23 /* AppDelegate.m */; };
		66A0F4D625A6E26700B61D23 /* SceneDelegate.m in Sources */ = {isa = PBXBuildFile; fileRef = 66A0F4D525A6E26700B61D23 /* SceneDelegate.m */; };
		66A0F4D925A6E26700B61D23 /* ViewController.m in Sources */ = {isa = PBXBuildFile; fileRef = 66A0F4D825A6E26700B61D23 /* ViewController.m */; };
		66A0F4DC25A6E26700B61D23 /* Main.storyboard in Resources */ = {isa = PBXBuildFile; fileRef = 66A0F4DA25A6E26700B61D23 /* Main.storyboard */; };
		66A0F4DE25A6E26700B61D23 /* Assets.xcassets in Resources */ = {isa = PBXBuildFile; fileRef = 66A0F4DD25A6E26700B61D23 /* Assets.xcassets */; };
		66A0F4E125A6E26700B61D23 /* LaunchScreen.storyboard in Resources */ = {isa = PBXBuildFile; fileRef = 66A0F4DF25A6E26700B61D23 /* LaunchScreen.storyboard */; };
		66A0F4E425A6E26700B61D23 /* main.m in Sources */ = {isa = PBXBuildFile; fileRef = 66A0F4E325A6E26700B61D23 /* main.m */; };
		66A0F4EE25A6E26800B61D23 /* FanDrageTests.m in Sources */ = {isa = PBXBuildFile; fileRef = 66A0F4ED25A6E26800B61D23 /* FanDrageTests.m */; };
		66A0F4F925A6E26800B61D23 /* FanDrageUITests.m in Sources */ = {isa = PBXBuildFile; fileRef = 66A0F4F825A6E26800B61D23 /* FanDrageUITests.m */; };
		66A0F57F25A6E95000B61D23 /* FanProView.m in Sources */ = {isa = PBXBuildFile; fileRef = 66A0F57E25A6E95000B61D23 /* FanProView.m */; };
		66DA475229B753F70013DE4F /* NSObject+FanDictionary.m in Sources */ = {isa = PBXBuildFile; fileRef = 66DA471D29B753F60013DE4F /* NSObject+FanDictionary.m */; };
		66DA475329B753F70013DE4F /* FanUIKit.m in Sources */ = {isa = PBXBuildFile; fileRef = 66DA472029B753F60013DE4F /* FanUIKit.m */; };
		66DA475429B753F70013DE4F /* FanAnyObject.m in Sources */ = {isa = PBXBuildFile; fileRef = 66DA472229B753F60013DE4F /* FanAnyObject.m */; };
		66DA475529B753F70013DE4F /* FanDeviceOrientation.m in Sources */ = {isa = PBXBuildFile; fileRef = 66DA472329B753F60013DE4F /* FanDeviceOrientation.m */; };
		66DA475629B753F70013DE4F /* FanDialogboxController.m in Sources */ = {isa = PBXBuildFile; fileRef = 66DA472429B753F60013DE4F /* FanDialogboxController.m */; };
		66DA475729B753F70013DE4F /* FanAuthManager.m in Sources */ = {isa = PBXBuildFile; fileRef = 66DA472629B753F60013DE4F /* FanAuthManager.m */; };
		66DA475829B753F70013DE4F /* FanVideoRecord.m in Sources */ = {isa = PBXBuildFile; fileRef = 66DA472829B753F60013DE4F /* FanVideoRecord.m */; };
		66DA475929B753F70013DE4F /* NSBundle+FanKit.m in Sources */ = {isa = PBXBuildFile; fileRef = 66DA472C29B753F60013DE4F /* NSBundle+FanKit.m */; };
		66DA475A29B753F70013DE4F /* UIViewController+FanRoot.m in Sources */ = {isa = PBXBuildFile; fileRef = 66DA472D29B753F60013DE4F /* UIViewController+FanRoot.m */; };
		66DA475B29B753F70013DE4F /* NSString+FanTime.m in Sources */ = {isa = PBXBuildFile; fileRef = 66DA472E29B753F60013DE4F /* NSString+FanTime.m */; };
		66DA475C29B753F70013DE4F /* FanRgbView.m in Sources */ = {isa = PBXBuildFile; fileRef = 66DA473129B753F60013DE4F /* FanRgbView.m */; };
		66DA475D29B753F70013DE4F /* FanAudioConverter.m in Sources */ = {isa = PBXBuildFile; fileRef = 66DA473229B753F60013DE4F /* FanAudioConverter.m */; };
		66DA475E29B753F70013DE4F /* UIView+FanAutoLayout.m in Sources */ = {isa = PBXBuildFile; fileRef = 66DA473329B753F60013DE4F /* UIView+FanAutoLayout.m */; };
		66DA475F29B753F70013DE4F /* FanAlertController.m in Sources */ = {isa = PBXBuildFile; fileRef = 66DA473429B753F60013DE4F /* FanAlertController.m */; };
		66DA476029B753F70013DE4F /* NSNull+FanNull.m in Sources */ = {isa = PBXBuildFile; fileRef = 66DA473629B753F60013DE4F /* NSNull+FanNull.m */; };
		66DA476129B753F70013DE4F /* FanDrawLayer.m in Sources */ = {isa = PBXBuildFile; fileRef = 66DA473829B753F60013DE4F /* FanDrawLayer.m */; };
		66DA476229B753F70013DE4F /* FanProgressHUD.m in Sources */ = {isa = PBXBuildFile; fileRef = 66DA473929B753F60013DE4F /* FanProgressHUD.m */; };
		66DA476329B753F70013DE4F /* FanToolBox.m in Sources */ = {isa = PBXBuildFile; fileRef = 66DA473B29B753F60013DE4F /* FanToolBox.m */; };
		66DA476429B753F70013DE4F /* FanTextField.m in Sources */ = {isa = PBXBuildFile; fileRef = 66DA473C29B753F60013DE4F /* FanTextField.m */; };
		66DA476529B753F70013DE4F /* FanAnimationToll.m in Sources */ = {isa = PBXBuildFile; fileRef = 66DA473D29B753F60013DE4F /* FanAnimationToll.m */; };
		66DA476629B753F70013DE4F /* FanDataTool.m in Sources */ = {isa = PBXBuildFile; fileRef = 66DA474329B753F60013DE4F /* FanDataTool.m */; };
		66DA476729B753F70013DE4F /* FanCopyLabel.m in Sources */ = {isa = PBXBuildFile; fileRef = 66DA474629B753F60013DE4F /* FanCopyLabel.m */; };
		66DA476829B753F70013DE4F /* FanRSA.m in Sources */ = {isa = PBXBuildFile; fileRef = 66DA474829B753F60013DE4F /* FanRSA.m */; };
		66DA476A29B753F70013DE4F /* NSDictionary+FanNull.m in Sources */ = {isa = PBXBuildFile; fileRef = 66DA474F29B753F60013DE4F /* NSDictionary+FanNull.m */; };
		66DA476B29B753F70013DE4F /* FanKit.bundle in Resources */ = {isa = PBXBuildFile; fileRef = 66DA475129B753F70013DE4F /* FanKit.bundle */; };
/* End PBXBuildFile section */

/* Begin PBXContainerItemProxy section */
		66A0F4EA25A6E26800B61D23 /* PBXContainerItemProxy */ = {
			isa = PBXContainerItemProxy;
			containerPortal = 66A0F4C625A6E26700B61D23 /* Project object */;
			proxyType = 1;
			remoteGlobalIDString = 66A0F4CD25A6E26700B61D23;
			remoteInfo = FanDrage;
		};
		66A0F4F525A6E26800B61D23 /* PBXContainerItemProxy */ = {
			isa = PBXContainerItemProxy;
			containerPortal = 66A0F4C625A6E26700B61D23 /* Project object */;
			proxyType = 1;
			remoteGlobalIDString = 66A0F4CD25A6E26700B61D23;
			remoteInfo = FanDrage;
		};
/* End PBXContainerItemProxy section */

/* Begin PBXFileReference section */
		66A0F4CE25A6E26700B61D23 /* FanDrage.app */ = {isa = PBXFileReference; explicitFileType = wrapper.application; includeInIndex = 0; path = FanDrage.app; sourceTree = BUILT_PRODUCTS_DIR; };
		66A0F4D125A6E26700B61D23 /* AppDelegate.h */ = {isa = PBXFileReference; lastKnownFileType = sourcecode.c.h; path = AppDelegate.h; sourceTree = "<group>"; };
		66A0F4D225A6E26700B61D23 /* AppDelegate.m */ = {isa = PBXFileReference; lastKnownFileType = sourcecode.c.objc; path = AppDelegate.m; sourceTree = "<group>"; };
		66A0F4D425A6E26700B61D23 /* SceneDelegate.h */ = {isa = PBXFileReference; lastKnownFileType = sourcecode.c.h; path = SceneDelegate.h; sourceTree = "<group>"; };
		66A0F4D525A6E26700B61D23 /* SceneDelegate.m */ = {isa = PBXFileReference; lastKnownFileType = sourcecode.c.objc; path = SceneDelegate.m; sourceTree = "<group>"; };
		66A0F4D725A6E26700B61D23 /* ViewController.h */ = {isa = PBXFileReference; lastKnownFileType = sourcecode.c.h; path = ViewController.h; sourceTree = "<group>"; };
		66A0F4D825A6E26700B61D23 /* ViewController.m */ = {isa = PBXFileReference; lastKnownFileType = sourcecode.c.objc; path = ViewController.m; sourceTree = "<group>"; };
		66A0F4DB25A6E26700B61D23 /* Base */ = {isa = PBXFileReference; lastKnownFileType = file.storyboard; name = Base; path = Base.lproj/Main.storyboard; sourceTree = "<group>"; };
		66A0F4DD25A6E26700B61D23 /* Assets.xcassets */ = {isa = PBXFileReference; lastKnownFileType = folder.assetcatalog; path = Assets.xcassets; sourceTree = "<group>"; };
		66A0F4E025A6E26700B61D23 /* Base */ = {isa = PBXFileReference; lastKnownFileType = file.storyboard; name = Base; path = Base.lproj/LaunchScreen.storyboard; sourceTree = "<group>"; };
		66A0F4E225A6E26700B61D23 /* Info.plist */ = {isa = PBXFileReference; lastKnownFileType = text.plist.xml; path = Info.plist; sourceTree = "<group>"; };
		66A0F4E325A6E26700B61D23 /* main.m */ = {isa = PBXFileReference; lastKnownFileType = sourcecode.c.objc; path = main.m; sourceTree = "<group>"; };
		66A0F4E925A6E26800B61D23 /* FanDrageTests.xctest */ = {isa = PBXFileReference; explicitFileType = wrapper.cfbundle; includeInIndex = 0; path = FanDrageTests.xctest; sourceTree = BUILT_PRODUCTS_DIR; };
		66A0F4ED25A6E26800B61D23 /* FanDrageTests.m */ = {isa = PBXFileReference; lastKnownFileType = sourcecode.c.objc; path = FanDrageTests.m; sourceTree = "<group>"; };
		66A0F4EF25A6E26800B61D23 /* Info.plist */ = {isa = PBXFileReference; lastKnownFileType = text.plist.xml; path = Info.plist; sourceTree = "<group>"; };
		66A0F4F425A6E26800B61D23 /* FanDrageUITests.xctest */ = {isa = PBXFileReference; explicitFileType = wrapper.cfbundle; includeInIndex = 0; path = FanDrageUITests.xctest; sourceTree = BUILT_PRODUCTS_DIR; };
		66A0F4F825A6E26800B61D23 /* FanDrageUITests.m */ = {isa = PBXFileReference; lastKnownFileType = sourcecode.c.objc; path = FanDrageUITests.m; sourceTree = "<group>"; };
		66A0F4FA25A6E26800B61D23 /* Info.plist */ = {isa = PBXFileReference; lastKnownFileType = text.plist.xml; path = Info.plist; sourceTree = "<group>"; };
		66A0F57D25A6E94F00B61D23 /* FanProView.h */ = {isa = PBXFileReference; lastKnownFileType = sourcecode.c.h; path = FanProView.h; sourceTree = "<group>"; };
		66A0F57E25A6E95000B61D23 /* FanProView.m */ = {isa = PBXFileReference; lastKnownFileType = sourcecode.c.objc; path = FanProView.m; sourceTree = "<group>"; };
		66DA471D29B753F60013DE4F /* NSObject+FanDictionary.m */ = {isa = PBXFileReference; fileEncoding = 4; lastKnownFileType = sourcecode.c.objc; path = "NSObject+FanDictionary.m"; sourceTree = "<group>"; };
		66DA471E29B753F60013DE4F /* FanProgressHUD.h */ = {isa = PBXFileReference; fileEncoding = 4; lastKnownFileType = sourcecode.c.h; path = FanProgressHUD.h; sourceTree = "<group>"; };
		66DA471F29B753F60013DE4F /* FanDrawLayer.h */ = {isa = PBXFileReference; fileEncoding = 4; lastKnownFileType = sourcecode.c.h; path = FanDrawLayer.h; sourceTree = "<group>"; };
		66DA472029B753F60013DE4F /* FanUIKit.m */ = {isa = PBXFileReference; fileEncoding = 4; lastKnownFileType = sourcecode.c.objc; path = FanUIKit.m; sourceTree = "<group>"; };
		66DA472129B753F60013DE4F /* NSNull+FanNull.h */ = {isa = PBXFileReference; fileEncoding = 4; lastKnownFileType = sourcecode.c.h; path = "NSNull+FanNull.h"; sourceTree = "<group>"; };
		66DA472229B753F60013DE4F /* FanAnyObject.m */ = {isa = PBXFileReference; fileEncoding = 4; lastKnownFileType = sourcecode.c.objc; path = FanAnyObject.m; sourceTree = "<group>"; };
		66DA472329B753F60013DE4F /* FanDeviceOrientation.m */ = {isa = PBXFileReference; fileEncoding = 4; lastKnownFileType = sourcecode.c.objc; path = FanDeviceOrientation.m; sourceTree = "<group>"; };
		66DA472429B753F60013DE4F /* FanDialogboxController.m */ = {isa = PBXFileReference; fileEncoding = 4; lastKnownFileType = sourcecode.c.objc; path = FanDialogboxController.m; sourceTree = "<group>"; };
		66DA472529B753F60013DE4F /* FanKit.h */ = {isa = PBXFileReference; fileEncoding = 4; lastKnownFileType = sourcecode.c.h; path = FanKit.h; sourceTree = "<group>"; };
		66DA472629B753F60013DE4F /* FanAuthManager.m */ = {isa = PBXFileReference; fileEncoding = 4; lastKnownFileType = sourcecode.c.objc; path = FanAuthManager.m; sourceTree = "<group>"; };
		66DA472729B753F60013DE4F /* FanAnimationToll.h */ = {isa = PBXFileReference; fileEncoding = 4; lastKnownFileType = sourcecode.c.h; path = FanAnimationToll.h; sourceTree = "<group>"; };
		66DA472829B753F60013DE4F /* FanVideoRecord.m */ = {isa = PBXFileReference; fileEncoding = 4; lastKnownFileType = sourcecode.c.objc; path = FanVideoRecord.m; sourceTree = "<group>"; };
		66DA472929B753F60013DE4F /* FanTextField.h */ = {isa = PBXFileReference; fileEncoding = 4; lastKnownFileType = sourcecode.c.h; path = FanTextField.h; sourceTree = "<group>"; };
		66DA472A29B753F60013DE4F /* FanToolBox.h */ = {isa = PBXFileReference; fileEncoding = 4; lastKnownFileType = sourcecode.c.h; path = FanToolBox.h; sourceTree = "<group>"; };
		66DA472B29B753F60013DE4F /* FanCopyLabel.h */ = {isa = PBXFileReference; fileEncoding = 4; lastKnownFileType = sourcecode.c.h; path = FanCopyLabel.h; sourceTree = "<group>"; };
		66DA472C29B753F60013DE4F /* NSBundle+FanKit.m */ = {isa = PBXFileReference; fileEncoding = 4; lastKnownFileType = sourcecode.c.objc; path = "NSBundle+FanKit.m"; sourceTree = "<group>"; };
		66DA472D29B753F60013DE4F /* UIViewController+FanRoot.m */ = {isa = PBXFileReference; fileEncoding = 4; lastKnownFileType = sourcecode.c.objc; path = "UIViewController+FanRoot.m"; sourceTree = "<group>"; };
		66DA472E29B753F60013DE4F /* NSString+FanTime.m */ = {isa = PBXFileReference; fileEncoding = 4; lastKnownFileType = sourcecode.c.objc; path = "NSString+FanTime.m"; sourceTree = "<group>"; };
		66DA472F29B753F60013DE4F /* FanDataTool.h */ = {isa = PBXFileReference; fileEncoding = 4; lastKnownFileType = sourcecode.c.h; path = FanDataTool.h; sourceTree = "<group>"; };
		66DA473029B753F60013DE4F /* NSDictionary+FanNull.h */ = {isa = PBXFileReference; fileEncoding = 4; lastKnownFileType = sourcecode.c.h; path = "NSDictionary+FanNull.h"; sourceTree = "<group>"; };
		66DA473129B753F60013DE4F /* FanRgbView.m */ = {isa = PBXFileReference; fileEncoding = 4; lastKnownFileType = sourcecode.c.objc; path = FanRgbView.m; sourceTree = "<group>"; };
		66DA473229B753F60013DE4F /* FanAudioConverter.m */ = {isa = PBXFileReference; fileEncoding = 4; lastKnownFileType = sourcecode.c.objc; path = FanAudioConverter.m; sourceTree = "<group>"; };
		66DA473329B753F60013DE4F /* UIView+FanAutoLayout.m */ = {isa = PBXFileReference; fileEncoding = 4; lastKnownFileType = sourcecode.c.objc; path = "UIView+FanAutoLayout.m"; sourceTree = "<group>"; };
		66DA473429B753F60013DE4F /* FanAlertController.m */ = {isa = PBXFileReference; fileEncoding = 4; lastKnownFileType = sourcecode.c.objc; path = FanAlertController.m; sourceTree = "<group>"; };
		66DA473529B753F60013DE4F /* FanRSA.h */ = {isa = PBXFileReference; fileEncoding = 4; lastKnownFileType = sourcecode.c.h; path = FanRSA.h; sourceTree = "<group>"; };
		66DA473629B753F60013DE4F /* NSNull+FanNull.m */ = {isa = PBXFileReference; fileEncoding = 4; lastKnownFileType = sourcecode.c.objc; path = "NSNull+FanNull.m"; sourceTree = "<group>"; };
		66DA473729B753F60013DE4F /* FanUIKit.h */ = {isa = PBXFileReference; fileEncoding = 4; lastKnownFileType = sourcecode.c.h; path = FanUIKit.h; sourceTree = "<group>"; };
		66DA473829B753F60013DE4F /* FanDrawLayer.m */ = {isa = PBXFileReference; fileEncoding = 4; lastKnownFileType = sourcecode.c.objc; path = FanDrawLayer.m; sourceTree = "<group>"; };
		66DA473929B753F60013DE4F /* FanProgressHUD.m */ = {isa = PBXFileReference; fileEncoding = 4; lastKnownFileType = sourcecode.c.objc; path = FanProgressHUD.m; sourceTree = "<group>"; };
		66DA473A29B753F60013DE4F /* NSObject+FanDictionary.h */ = {isa = PBXFileReference; fileEncoding = 4; lastKnownFileType = sourcecode.c.h; path = "NSObject+FanDictionary.h"; sourceTree = "<group>"; };
		66DA473B29B753F60013DE4F /* FanToolBox.m */ = {isa = PBXFileReference; fileEncoding = 4; lastKnownFileType = sourcecode.c.objc; path = FanToolBox.m; sourceTree = "<group>"; };
		66DA473C29B753F60013DE4F /* FanTextField.m */ = {isa = PBXFileReference; fileEncoding = 4; lastKnownFileType = sourcecode.c.objc; path = FanTextField.m; sourceTree = "<group>"; };
		66DA473D29B753F60013DE4F /* FanAnimationToll.m */ = {isa = PBXFileReference; fileEncoding = 4; lastKnownFileType = sourcecode.c.objc; path = FanAnimationToll.m; sourceTree = "<group>"; };
		66DA473E29B753F60013DE4F /* FanAuthManager.h */ = {isa = PBXFileReference; fileEncoding = 4; lastKnownFileType = sourcecode.c.h; path = FanAuthManager.h; sourceTree = "<group>"; };
		66DA473F29B753F60013DE4F /* FanVideoRecord.h */ = {isa = PBXFileReference; fileEncoding = 4; lastKnownFileType = sourcecode.c.h; path = FanVideoRecord.h; sourceTree = "<group>"; };
		66DA474029B753F60013DE4F /* FanDialogboxController.h */ = {isa = PBXFileReference; fileEncoding = 4; lastKnownFileType = sourcecode.c.h; path = FanDialogboxController.h; sourceTree = "<group>"; };
		66DA474129B753F60013DE4F /* FanDeviceOrientation.h */ = {isa = PBXFileReference; fileEncoding = 4; lastKnownFileType = sourcecode.c.h; path = FanDeviceOrientation.h; sourceTree = "<group>"; };
		66DA474229B753F60013DE4F /* FanAnyObject.h */ = {isa = PBXFileReference; fileEncoding = 4; lastKnownFileType = sourcecode.c.h; path = FanAnyObject.h; sourceTree = "<group>"; };
		66DA474329B753F60013DE4F /* FanDataTool.m */ = {isa = PBXFileReference; fileEncoding = 4; lastKnownFileType = sourcecode.c.objc; path = FanDataTool.m; sourceTree = "<group>"; };
		66DA474429B753F60013DE4F /* UIViewController+FanRoot.h */ = {isa = PBXFileReference; fileEncoding = 4; lastKnownFileType = sourcecode.c.h; path = "UIViewController+FanRoot.h"; sourceTree = "<group>"; };
		66DA474529B753F60013DE4F /* NSString+FanTime.h */ = {isa = PBXFileReference; fileEncoding = 4; lastKnownFileType = sourcecode.c.h; path = "NSString+FanTime.h"; sourceTree = "<group>"; };
		66DA474629B753F60013DE4F /* FanCopyLabel.m */ = {isa = PBXFileReference; fileEncoding = 4; lastKnownFileType = sourcecode.c.objc; path = FanCopyLabel.m; sourceTree = "<group>"; };
		66DA474729B753F60013DE4F /* NSBundle+FanKit.h */ = {isa = PBXFileReference; fileEncoding = 4; lastKnownFileType = sourcecode.c.h; path = "NSBundle+FanKit.h"; sourceTree = "<group>"; };
		66DA474829B753F60013DE4F /* FanRSA.m */ = {isa = PBXFileReference; fileEncoding = 4; lastKnownFileType = sourcecode.c.objc; path = FanRSA.m; sourceTree = "<group>"; };
		66DA474929B753F60013DE4F /* FanAlertController.h */ = {isa = PBXFileReference; fileEncoding = 4; lastKnownFileType = sourcecode.c.h; path = FanAlertController.h; sourceTree = "<group>"; };
		66DA474A29B753F60013DE4F /* UIView+FanAutoLayout.h */ = {isa = PBXFileReference; fileEncoding = 4; lastKnownFileType = sourcecode.c.h; path = "UIView+FanAutoLayout.h"; sourceTree = "<group>"; };
		66DA474C29B753F60013DE4F /* FanKitHead.h */ = {isa = PBXFileReference; fileEncoding = 4; lastKnownFileType = sourcecode.c.h; path = FanKitHead.h; sourceTree = "<group>"; };
		66DA474D29B753F60013DE4F /* FanRgbView.h */ = {isa = PBXFileReference; fileEncoding = 4; lastKnownFileType = sourcecode.c.h; path = FanRgbView.h; sourceTree = "<group>"; };
		66DA474E29B753F60013DE4F /* FanAudioConverter.h */ = {isa = PBXFileReference; fileEncoding = 4; lastKnownFileType = sourcecode.c.h; path = FanAudioConverter.h; sourceTree = "<group>"; };
		66DA474F29B753F60013DE4F /* NSDictionary+FanNull.m */ = {isa = PBXFileReference; fileEncoding = 4; lastKnownFileType = sourcecode.c.objc; path = "NSDictionary+FanNull.m"; sourceTree = "<group>"; };
		66DA475129B753F70013DE4F /* FanKit.bundle */ = {isa = PBXFileReference; lastKnownFileType = "wrapper.plug-in"; path = FanKit.bundle; sourceTree = "<group>"; };
/* End PBXFileReference section */

/* Begin PBXFrameworksBuildPhase section */
		66A0F4CB25A6E26700B61D23 /* Frameworks */ = {
			isa = PBXFrameworksBuildPhase;
			buildActionMask = 2147483647;
			files = (
			);
			runOnlyForDeploymentPostprocessing = 0;
		};
		66A0F4E625A6E26800B61D23 /* Frameworks */ = {
			isa = PBXFrameworksBuildPhase;
			buildActionMask = 2147483647;
			files = (
			);
			runOnlyForDeploymentPostprocessing = 0;
		};
		66A0F4F125A6E26800B61D23 /* Frameworks */ = {
			isa = PBXFrameworksBuildPhase;
			buildActionMask = 2147483647;
			files = (
			);
			runOnlyForDeploymentPostprocessing = 0;
		};
/* End PBXFrameworksBuildPhase section */

/* Begin PBXGroup section */
		66A0F4C525A6E26700B61D23 = {
			isa = PBXGroup;
			children = (
				66A0F4D025A6E26700B61D23 /* FanDrage */,
				66A0F4EC25A6E26800B61D23 /* FanDrageTests */,
				66A0F4F725A6E26800B61D23 /* FanDrageUITests */,
				66A0F4CF25A6E26700B61D23 /* Products */,
			);
			sourceTree = "<group>";
		};
		66A0F4CF25A6E26700B61D23 /* Products */ = {
			isa = PBXGroup;
			children = (
				66A0F4CE25A6E26700B61D23 /* FanDrage.app */,
				66A0F4E925A6E26800B61D23 /* FanDrageTests.xctest */,
				66A0F4F425A6E26800B61D23 /* FanDrageUITests.xctest */,
			);
			name = Products;
			sourceTree = "<group>";
		};
		66A0F4D025A6E26700B61D23 /* FanDrage */ = {
			isa = PBXGroup;
			children = (
				66DA471B29B753F60013DE4F /* FanKit */,
				66A0F4D125A6E26700B61D23 /* AppDelegate.h */,
				66A0F4D225A6E26700B61D23 /* AppDelegate.m */,
				66A0F4D425A6E26700B61D23 /* SceneDelegate.h */,
				66A0F4D525A6E26700B61D23 /* SceneDelegate.m */,
				66A0F4D725A6E26700B61D23 /* ViewController.h */,
				66A0F4D825A6E26700B61D23 /* ViewController.m */,
				66A0F57D25A6E94F00B61D23 /* FanProView.h */,
				66A0F57E25A6E95000B61D23 /* FanProView.m */,
				66A0F4DA25A6E26700B61D23 /* Main.storyboard */,
				66A0F4DD25A6E26700B61D23 /* Assets.xcassets */,
				66A0F4DF25A6E26700B61D23 /* LaunchScreen.storyboard */,
				66A0F4E225A6E26700B61D23 /* Info.plist */,
				66A0F4E325A6E26700B61D23 /* main.m */,
			);
			path = FanDrage;
			sourceTree = "<group>";
		};
		66A0F4EC25A6E26800B61D23 /* FanDrageTests */ = {
			isa = PBXGroup;
			children = (
				66A0F4ED25A6E26800B61D23 /* FanDrageTests.m */,
				66A0F4EF25A6E26800B61D23 /* Info.plist */,
			);
			path = FanDrageTests;
			sourceTree = "<group>";
		};
		66A0F4F725A6E26800B61D23 /* FanDrageUITests */ = {
			isa = PBXGroup;
			children = (
				66A0F4F825A6E26800B61D23 /* FanDrageUITests.m */,
				66A0F4FA25A6E26800B61D23 /* Info.plist */,
			);
			path = FanDrageUITests;
			sourceTree = "<group>";
		};
		66DA471B29B753F60013DE4F /* FanKit */ = {
			isa = PBXGroup;
			children = (
				66DA471C29B753F60013DE4F /* FanKit */,
				66DA475029B753F60013DE4F /* Resources */,
			);
			path = FanKit;
			sourceTree = "<group>";
		};
		66DA471C29B753F60013DE4F /* FanKit */ = {
			isa = PBXGroup;
			children = (
				66DA471D29B753F60013DE4F /* NSObject+FanDictionary.m */,
				66DA471E29B753F60013DE4F /* FanProgressHUD.h */,
				66DA471F29B753F60013DE4F /* FanDrawLayer.h */,
				66DA472029B753F60013DE4F /* FanUIKit.m */,
				66DA472129B753F60013DE4F /* NSNull+FanNull.h */,
				66DA472229B753F60013DE4F /* FanAnyObject.m */,
				66DA472329B753F60013DE4F /* FanDeviceOrientation.m */,
				66DA472429B753F60013DE4F /* FanDialogboxController.m */,
				66DA472529B753F60013DE4F /* FanKit.h */,
				66DA472629B753F60013DE4F /* FanAuthManager.m */,
				66DA472729B753F60013DE4F /* FanAnimationToll.h */,
				66DA472829B753F60013DE4F /* FanVideoRecord.m */,
				66DA472929B753F60013DE4F /* FanTextField.h */,
				66DA472A29B753F60013DE4F /* FanToolBox.h */,
				66DA472B29B753F60013DE4F /* FanCopyLabel.h */,
				66DA472C29B753F60013DE4F /* NSBundle+FanKit.m */,
				66DA472D29B753F60013DE4F /* UIViewController+FanRoot.m */,
				66DA472E29B753F60013DE4F /* NSString+FanTime.m */,
				66DA472F29B753F60013DE4F /* FanDataTool.h */,
				66DA473029B753F60013DE4F /* NSDictionary+FanNull.h */,
				66DA473129B753F60013DE4F /* FanRgbView.m */,
				66DA473229B753F60013DE4F /* FanAudioConverter.m */,
				66DA473329B753F60013DE4F /* UIView+FanAutoLayout.m */,
				66DA473429B753F60013DE4F /* FanAlertController.m */,
				66DA473529B753F60013DE4F /* FanRSA.h */,
				66DA473629B753F60013DE4F /* NSNull+FanNull.m */,
				66DA473729B753F60013DE4F /* FanUIKit.h */,
				66DA473829B753F60013DE4F /* FanDrawLayer.m */,
				66DA473929B753F60013DE4F /* FanProgressHUD.m */,
				66DA473A29B753F60013DE4F /* NSObject+FanDictionary.h */,
				66DA473B29B753F60013DE4F /* FanToolBox.m */,
				66DA473C29B753F60013DE4F /* FanTextField.m */,
				66DA473D29B753F60013DE4F /* FanAnimationToll.m */,
				66DA473E29B753F60013DE4F /* FanAuthManager.h */,
				66DA473F29B753F60013DE4F /* FanVideoRecord.h */,
				66DA474029B753F60013DE4F /* FanDialogboxController.h */,
				66DA474129B753F60013DE4F /* FanDeviceOrientation.h */,
				66DA474229B753F60013DE4F /* FanAnyObject.h */,
				66DA474329B753F60013DE4F /* FanDataTool.m */,
				66DA474429B753F60013DE4F /* UIViewController+FanRoot.h */,
				66DA474529B753F60013DE4F /* NSString+FanTime.h */,
				66DA474629B753F60013DE4F /* FanCopyLabel.m */,
				66DA474729B753F60013DE4F /* NSBundle+FanKit.h */,
				66DA474829B753F60013DE4F /* FanRSA.m */,
				66DA474929B753F60013DE4F /* FanAlertController.h */,
				66DA474A29B753F60013DE4F /* UIView+FanAutoLayout.h */,
				66DA474C29B753F60013DE4F /* FanKitHead.h */,
				66DA474D29B753F60013DE4F /* FanRgbView.h */,
				66DA474E29B753F60013DE4F /* FanAudioConverter.h */,
				66DA474F29B753F60013DE4F /* NSDictionary+FanNull.m */,
			);
			path = FanKit;
			sourceTree = "<group>";
		};
		66DA475029B753F60013DE4F /* Resources */ = {
			isa = PBXGroup;
			children = (
				66DA475129B753F70013DE4F /* FanKit.bundle */,
			);
			path = Resources;
			sourceTree = "<group>";
		};
/* End PBXGroup section */

/* Begin PBXNativeTarget section */
		66A0F4CD25A6E26700B61D23 /* FanDrage */ = {
			isa = PBXNativeTarget;
			buildConfigurationList = 66A0F4FD25A6E26800B61D23 /* Build configuration list for PBXNativeTarget "FanDrage" */;
			buildPhases = (
				66A0F4CA25A6E26700B61D23 /* Sources */,
				66A0F4CB25A6E26700B61D23 /* Frameworks */,
				66A0F4CC25A6E26700B61D23 /* Resources */,
			);
			buildRules = (
			);
			dependencies = (
			);
			name = FanDrage;
			productName = FanDrage;
			productReference = 66A0F4CE25A6E26700B61D23 /* FanDrage.app */;
			productType = "com.apple.product-type.application";
		};
		66A0F4E825A6E26800B61D23 /* FanDrageTests */ = {
			isa = PBXNativeTarget;
			buildConfigurationList = 66A0F50025A6E26800B61D23 /* Build configuration list for PBXNativeTarget "FanDrageTests" */;
			buildPhases = (
				66A0F4E525A6E26800B61D23 /* Sources */,
				66A0F4E625A6E26800B61D23 /* Frameworks */,
				66A0F4E725A6E26800B61D23 /* Resources */,
			);
			buildRules = (
			);
			dependencies = (
				66A0F4EB25A6E26800B61D23 /* PBXTargetDependency */,
			);
			name = FanDrageTests;
			productName = FanDrageTests;
			productReference = 66A0F4E925A6E26800B61D23 /* FanDrageTests.xctest */;
			productType = "com.apple.product-type.bundle.unit-test";
		};
		66A0F4F325A6E26800B61D23 /* FanDrageUITests */ = {
			isa = PBXNativeTarget;
			buildConfigurationList = 66A0F50325A6E26800B61D23 /* Build configuration list for PBXNativeTarget "FanDrageUITests" */;
			buildPhases = (
				66A0F4F025A6E26800B61D23 /* Sources */,
				66A0F4F125A6E26800B61D23 /* Frameworks */,
				66A0F4F225A6E26800B61D23 /* Resources */,
			);
			buildRules = (
			);
			dependencies = (
				66A0F4F625A6E26800B61D23 /* PBXTargetDependency */,
			);
			name = FanDrageUITests;
			productName = FanDrageUITests;
			productReference = 66A0F4F425A6E26800B61D23 /* FanDrageUITests.xctest */;
			productType = "com.apple.product-type.bundle.ui-testing";
		};
/* End PBXNativeTarget section */

/* Begin PBXProject section */
		66A0F4C625A6E26700B61D23 /* Project object */ = {
			isa = PBXProject;
			attributes = {
				LastUpgradeCheck = 1230;
				TargetAttributes = {
					66A0F4CD25A6E26700B61D23 = {
						CreatedOnToolsVersion = 12.3;
					};
					66A0F4E825A6E26800B61D23 = {
						CreatedOnToolsVersion = 12.3;
						TestTargetID = 66A0F4CD25A6E26700B61D23;
					};
					66A0F4F325A6E26800B61D23 = {
						CreatedOnToolsVersion = 12.3;
						TestTargetID = 66A0F4CD25A6E26700B61D23;
					};
				};
			};
			buildConfigurationList = 66A0F4C925A6E26700B61D23 /* Build configuration list for PBXProject "FanDrage" */;
			compatibilityVersion = "Xcode 9.3";
			developmentRegion = en;
			hasScannedForEncodings = 0;
			knownRegions = (
				en,
				Base,
			);
			mainGroup = 66A0F4C525A6E26700B61D23;
			productRefGroup = 66A0F4CF25A6E26700B61D23 /* Products */;
			projectDirPath = "";
			projectRoot = "";
			targets = (
				66A0F4CD25A6E26700B61D23 /* FanDrage */,
				66A0F4E825A6E26800B61D23 /* FanDrageTests */,
				66A0F4F325A6E26800B61D23 /* FanDrageUITests */,
			);
		};
/* End PBXProject section */

/* Begin PBXResourcesBuildPhase section */
		66A0F4CC25A6E26700B61D23 /* Resources */ = {
			isa = PBXResourcesBuildPhase;
			buildActionMask = 2147483647;
			files = (
				66A0F4E125A6E26700B61D23 /* LaunchScreen.storyboard in Resources */,
				66A0F4DE25A6E26700B61D23 /* Assets.xcassets in Resources */,
				66A0F4DC25A6E26700B61D23 /* Main.storyboard in Resources */,
				66DA476B29B753F70013DE4F /* FanKit.bundle in Resources */,
			);
			runOnlyForDeploymentPostprocessing = 0;
		};
		66A0F4E725A6E26800B61D23 /* Resources */ = {
			isa = PBXResourcesBuildPhase;
			buildActionMask = 2147483647;
			files = (
			);
			runOnlyForDeploymentPostprocessing = 0;
		};
		66A0F4F225A6E26800B61D23 /* Resources */ = {
			isa = PBXResourcesBuildPhase;
			buildActionMask = 2147483647;
			files = (
			);
			runOnlyForDeploymentPostprocessing = 0;
		};
/* End PBXResourcesBuildPhase section */

/* Begin PBXSourcesBuildPhase section */
		66A0F4CA25A6E26700B61D23 /* Sources */ = {
			isa = PBXSourcesBuildPhase;
			buildActionMask = 2147483647;
			files = (
				66DA475B29B753F70013DE4F /* NSString+FanTime.m in Sources */,
				66A0F4D925A6E26700B61D23 /* ViewController.m in Sources */,
				66DA476129B753F70013DE4F /* FanDrawLayer.m in Sources */,
				66DA475C29B753F70013DE4F /* FanRgbView.m in Sources */,
				66DA475D29B753F70013DE4F /* FanAudioConverter.m in Sources */,
				66DA475629B753F70013DE4F /* FanDialogboxController.m in Sources */,
				66A0F4D325A6E26700B61D23 /* AppDelegate.m in Sources */,
				66DA476029B753F70013DE4F /* NSNull+FanNull.m in Sources */,
				66DA476229B753F70013DE4F /* FanProgressHUD.m in Sources */,
				66DA476629B753F70013DE4F /* FanDataTool.m in Sources */,
				66DA475329B753F70013DE4F /* FanUIKit.m in Sources */,
				66DA475F29B753F70013DE4F /* FanAlertController.m in Sources */,
				66A0F4E425A6E26700B61D23 /* main.m in Sources */,
				66DA475729B753F70013DE4F /* FanAuthManager.m in Sources */,
				66DA476829B753F70013DE4F /* FanRSA.m in Sources */,
				66A0F4D625A6E26700B61D23 /* SceneDelegate.m in Sources */,
				66DA475429B753F70013DE4F /* FanAnyObject.m in Sources */,
				66DA476429B753F70013DE4F /* FanTextField.m in Sources */,
				66DA476529B753F70013DE4F /* FanAnimationToll.m in Sources */,
				66DA475E29B753F70013DE4F /* UIView+FanAutoLayout.m in Sources */,
				66DA476729B753F70013DE4F /* FanCopyLabel.m in Sources */,
				66DA476A29B753F70013DE4F /* NSDictionary+FanNull.m in Sources */,
				66DA475A29B753F70013DE4F /* UIViewController+FanRoot.m in Sources */,
				66DA475929B753F70013DE4F /* NSBundle+FanKit.m in Sources */,
				66DA475529B753F70013DE4F /* FanDeviceOrientation.m in Sources */,
				66A0F57F25A6E95000B61D23 /* FanProView.m in Sources */,
				66DA475829B753F70013DE4F /* FanVideoRecord.m in Sources */,
				66DA476329B753F70013DE4F /* FanToolBox.m in Sources */,
				66DA475229B753F70013DE4F /* NSObject+FanDictionary.m in Sources */,
			);
			runOnlyForDeploymentPostprocessing = 0;
		};
		66A0F4E525A6E26800B61D23 /* Sources */ = {
			isa = PBXSourcesBuildPhase;
			buildActionMask = 2147483647;
			files = (
				66A0F4EE25A6E26800B61D23 /* FanDrageTests.m in Sources */,
			);
			runOnlyForDeploymentPostprocessing = 0;
		};
		66A0F4F025A6E26800B61D23 /* Sources */ = {
			isa = PBXSourcesBuildPhase;
			buildActionMask = 2147483647;
			files = (
				66A0F4F925A6E26800B61D23 /* FanDrageUITests.m in Sources */,
			);
			runOnlyForDeploymentPostprocessing = 0;
		};
/* End PBXSourcesBuildPhase section */

/* Begin PBXTargetDependency section */
		66A0F4EB25A6E26800B61D23 /* PBXTargetDependency */ = {
			isa = PBXTargetDependency;
			target = 66A0F4CD25A6E26700B61D23 /* FanDrage */;
			targetProxy = 66A0F4EA25A6E26800B61D23 /* PBXContainerItemProxy */;
		};
		66A0F4F625A6E26800B61D23 /* PBXTargetDependency */ = {
			isa = PBXTargetDependency;
			target = 66A0F4CD25A6E26700B61D23 /* FanDrage */;
			targetProxy = 66A0F4F525A6E26800B61D23 /* PBXContainerItemProxy */;
		};
/* End PBXTargetDependency section */

/* Begin PBXVariantGroup section */
		66A0F4DA25A6E26700B61D23 /* Main.storyboard */ = {
			isa = PBXVariantGroup;
			children = (
				66A0F4DB25A6E26700B61D23 /* Base */,
			);
			name = Main.storyboard;
			sourceTree = "<group>";
		};
		66A0F4DF25A6E26700B61D23 /* LaunchScreen.storyboard */ = {
			isa = PBXVariantGroup;
			children = (
				66A0F4E025A6E26700B61D23 /* Base */,
			);
			name = LaunchScreen.storyboard;
			sourceTree = "<group>";
		};
/* End PBXVariantGroup section */

/* Begin XCBuildConfiguration section */
		66A0F4FB25A6E26800B61D23 /* Debug */ = {
			isa = XCBuildConfiguration;
			buildSettings = {
				ALWAYS_SEARCH_USER_PATHS = NO;
				CLANG_ANALYZER_NONNULL = YES;
				CLANG_ANALYZER_NUMBER_OBJECT_CONVERSION = YES_AGGRESSIVE;
				CLANG_CXX_LANGUAGE_STANDARD = "gnu++14";
				CLANG_CXX_LIBRARY = "libc++";
				CLANG_ENABLE_MODULES = YES;
				CLANG_ENABLE_OBJC_ARC = YES;
				CLANG_ENABLE_OBJC_WEAK = YES;
				CLANG_WARN_BLOCK_CAPTURE_AUTORELEASING = YES;
				CLANG_WARN_BOOL_CONVERSION = YES;
				CLANG_WARN_COMMA = YES;
				CLANG_WARN_CONSTANT_CONVERSION = YES;
				CLANG_WARN_DEPRECATED_OBJC_IMPLEMENTATIONS = YES;
				CLANG_WARN_DIRECT_OBJC_ISA_USAGE = YES_ERROR;
				CLANG_WARN_DOCUMENTATION_COMMENTS = YES;
				CLANG_WARN_EMPTY_BODY = YES;
				CLANG_WARN_ENUM_CONVERSION = YES;
				CLANG_WARN_INFINITE_RECURSION = YES;
				CLANG_WARN_INT_CONVERSION = YES;
				CLANG_WARN_NON_LITERAL_NULL_CONVERSION = YES;
				CLANG_WARN_OBJC_IMPLICIT_RETAIN_SELF = YES;
				CLANG_WARN_OBJC_LITERAL_CONVERSION = YES;
				CLANG_WARN_OBJC_ROOT_CLASS = YES_ERROR;
				CLANG_WARN_QUOTED_INCLUDE_IN_FRAMEWORK_HEADER = YES;
				CLANG_WARN_RANGE_LOOP_ANALYSIS = YES;
				CLANG_WARN_STRICT_PROTOTYPES = YES;
				CLANG_WARN_SUSPICIOUS_MOVE = YES;
				CLANG_WARN_UNGUARDED_AVAILABILITY = YES_AGGRESSIVE;
				CLANG_WARN_UNREACHABLE_CODE = YES;
				CLANG_WARN__DUPLICATE_METHOD_MATCH = YES;
				COPY_PHASE_STRIP = NO;
				DEBUG_INFORMATION_FORMAT = dwarf;
				ENABLE_STRICT_OBJC_MSGSEND = YES;
				ENABLE_TESTABILITY = YES;
				GCC_C_LANGUAGE_STANDARD = gnu11;
				GCC_DYNAMIC_NO_PIC = NO;
				GCC_NO_COMMON_BLOCKS = YES;
				GCC_OPTIMIZATION_LEVEL = 0;
				GCC_PREPROCESSOR_DEFINITIONS = (
					"DEBUG=1",
					"$(inherited)",
				);
				GCC_WARN_64_TO_32_BIT_CONVERSION = YES;
				GCC_WARN_ABOUT_RETURN_TYPE = YES_ERROR;
				GCC_WARN_UNDECLARED_SELECTOR = YES;
				GCC_WARN_UNINITIALIZED_AUTOS = YES_AGGRESSIVE;
				GCC_WARN_UNUSED_FUNCTION = YES;
				GCC_WARN_UNUSED_VARIABLE = YES;
				IPHONEOS_DEPLOYMENT_TARGET = 14.3;
				MTL_ENABLE_DEBUG_INFO = INCLUDE_SOURCE;
				MTL_FAST_MATH = YES;
				ONLY_ACTIVE_ARCH = YES;
				SDKROOT = iphoneos;
			};
			name = Debug;
		};
		66A0F4FC25A6E26800B61D23 /* Release */ = {
			isa = XCBuildConfiguration;
			buildSettings = {
				ALWAYS_SEARCH_USER_PATHS = NO;
				CLANG_ANALYZER_NONNULL = YES;
				CLANG_ANALYZER_NUMBER_OBJECT_CONVERSION = YES_AGGRESSIVE;
				CLANG_CXX_LANGUAGE_STANDARD = "gnu++14";
				CLANG_CXX_LIBRARY = "libc++";
				CLANG_ENABLE_MODULES = YES;
				CLANG_ENABLE_OBJC_ARC = YES;
				CLANG_ENABLE_OBJC_WEAK = YES;
				CLANG_WARN_BLOCK_CAPTURE_AUTORELEASING = YES;
				CLANG_WARN_BOOL_CONVERSION = YES;
				CLANG_WARN_COMMA = YES;
				CLANG_WARN_CONSTANT_CONVERSION = YES;
				CLANG_WARN_DEPRECATED_OBJC_IMPLEMENTATIONS = YES;
				CLANG_WARN_DIRECT_OBJC_ISA_USAGE = YES_ERROR;
				CLANG_WARN_DOCUMENTATION_COMMENTS = YES;
				CLANG_WARN_EMPTY_BODY = YES;
				CLANG_WARN_ENUM_CONVERSION = YES;
				CLANG_WARN_INFINITE_RECURSION = YES;
				CLANG_WARN_INT_CONVERSION = YES;
				CLANG_WARN_NON_LITERAL_NULL_CONVERSION = YES;
				CLANG_WARN_OBJC_IMPLICIT_RETAIN_SELF = YES;
				CLANG_WARN_OBJC_LITERAL_CONVERSION = YES;
				CLANG_WARN_OBJC_ROOT_CLASS = YES_ERROR;
				CLANG_WARN_QUOTED_INCLUDE_IN_FRAMEWORK_HEADER = YES;
				CLANG_WARN_RANGE_LOOP_ANALYSIS = YES;
				CLANG_WARN_STRICT_PROTOTYPES = YES;
				CLANG_WARN_SUSPICIOUS_MOVE = YES;
				CLANG_WARN_UNGUARDED_AVAILABILITY = YES_AGGRESSIVE;
				CLANG_WARN_UNREACHABLE_CODE = YES;
				CLANG_WARN__DUPLICATE_METHOD_MATCH = YES;
				COPY_PHASE_STRIP = NO;
				DEBUG_INFORMATION_FORMAT = "dwarf-with-dsym";
				ENABLE_NS_ASSERTIONS = NO;
				ENABLE_STRICT_OBJC_MSGSEND = YES;
				GCC_C_LANGUAGE_STANDARD = gnu11;
				GCC_NO_COMMON_BLOCKS = YES;
				GCC_WARN_64_TO_32_BIT_CONVERSION = YES;
				GCC_WARN_ABOUT_RETURN_TYPE = YES_ERROR;
				GCC_WARN_UNDECLARED_SELECTOR = YES;
				GCC_WARN_UNINITIALIZED_AUTOS = YES_AGGRESSIVE;
				GCC_WARN_UNUSED_FUNCTION = YES;
				GCC_WARN_UNUSED_VARIABLE = YES;
				IPHONEOS_DEPLOYMENT_TARGET = 14.3;
				MTL_ENABLE_DEBUG_INFO = NO;
				MTL_FAST_MATH = YES;
				SDKROOT = iphoneos;
				VALIDATE_PRODUCT = YES;
			};
			name = Release;
		};
		66A0F4FE25A6E26800B61D23 /* Debug */ = {
			isa = XCBuildConfiguration;
			buildSettings = {
				ASSETCATALOG_COMPILER_APPICON_NAME = AppIcon;
				ASSETCATALOG_COMPILER_GLOBAL_ACCENT_COLOR_NAME = AccentColor;
				CODE_SIGN_STYLE = Automatic;
				DEVELOPMENT_TEAM = T9SQ7V3YQP;
				INFOPLIST_FILE = FanDrage/Info.plist;
				IPHONEOS_DEPLOYMENT_TARGET = 13.0;
				LD_RUNPATH_SEARCH_PATHS = (
					"$(inherited)",
					"@executable_path/Frameworks",
				);
				PRODUCT_BUNDLE_IDENTIFIER = com.fan.FanDrage;
				PRODUCT_NAME = "$(TARGET_NAME)";
				TARGETED_DEVICE_FAMILY = "1,2";
			};
			name = Debug;
		};
		66A0F4FF25A6E26800B61D23 /* Release */ = {
			isa = XCBuildConfiguration;
			buildSettings = {
				ASSETCATALOG_COMPILER_APPICON_NAME = AppIcon;
				ASSETCATALOG_COMPILER_GLOBAL_ACCENT_COLOR_NAME = AccentColor;
				CODE_SIGN_STYLE = Automatic;
				DEVELOPMENT_TEAM = T9SQ7V3YQP;
				INFOPLIST_FILE = FanDrage/Info.plist;
				IPHONEOS_DEPLOYMENT_TARGET = 13.0;
				LD_RUNPATH_SEARCH_PATHS = (
					"$(inherited)",
					"@executable_path/Frameworks",
				);
				PRODUCT_BUNDLE_IDENTIFIER = com.fan.FanDrage;
				PRODUCT_NAME = "$(TARGET_NAME)";
				TARGETED_DEVICE_FAMILY = "1,2";
			};
			name = Release;
		};
		66A0F50125A6E26800B61D23 /* Debug */ = {
			isa = XCBuildConfiguration;
			buildSettings = {
				BUNDLE_LOADER = "$(TEST_HOST)";
				CODE_SIGN_STYLE = Automatic;
				DEVELOPMENT_TEAM = NW3X9NZ9UP;
				INFOPLIST_FILE = FanDrageTests/Info.plist;
				IPHONEOS_DEPLOYMENT_TARGET = 14.3;
				LD_RUNPATH_SEARCH_PATHS = (
					"$(inherited)",
					"@executable_path/Frameworks",
					"@loader_path/Frameworks",
				);
				PRODUCT_BUNDLE_IDENTIFIER = com.fan.FanDrageTests;
				PRODUCT_NAME = "$(TARGET_NAME)";
				TARGETED_DEVICE_FAMILY = "1,2";
				TEST_HOST = "$(BUILT_PRODUCTS_DIR)/FanDrage.app/FanDrage";
			};
			name = Debug;
		};
		66A0F50225A6E26800B61D23 /* Release */ = {
			isa = XCBuildConfiguration;
			buildSettings = {
				BUNDLE_LOADER = "$(TEST_HOST)";
				CODE_SIGN_STYLE = Automatic;
				DEVELOPMENT_TEAM = NW3X9NZ9UP;
				INFOPLIST_FILE = FanDrageTests/Info.plist;
				IPHONEOS_DEPLOYMENT_TARGET = 14.3;
				LD_RUNPATH_SEARCH_PATHS = (
					"$(inherited)",
					"@executable_path/Frameworks",
					"@loader_path/Frameworks",
				);
				PRODUCT_BUNDLE_IDENTIFIER = com.fan.FanDrageTests;
				PRODUCT_NAME = "$(TARGET_NAME)";
				TARGETED_DEVICE_FAMILY = "1,2";
				TEST_HOST = "$(BUILT_PRODUCTS_DIR)/FanDrage.app/FanDrage";
			};
			name = Release;
		};
		66A0F50425A6E26800B61D23 /* Debug */ = {
			isa = XCBuildConfiguration;
			buildSettings = {
				CODE_SIGN_STYLE = Automatic;
				DEVELOPMENT_TEAM = NW3X9NZ9UP;
				INFOPLIST_FILE = FanDrageUITests/Info.plist;
				LD_RUNPATH_SEARCH_PATHS = (
					"$(inherited)",
					"@executable_path/Frameworks",
					"@loader_path/Frameworks",
				);
				PRODUCT_BUNDLE_IDENTIFIER = com.fan.FanDrageUITests;
				PRODUCT_NAME = "$(TARGET_NAME)";
				TARGETED_DEVICE_FAMILY = "1,2";
				TEST_TARGET_NAME = FanDrage;
			};
			name = Debug;
		};
		66A0F50525A6E26800B61D23 /* Release */ = {
			isa = XCBuildConfiguration;
			buildSettings = {
				CODE_SIGN_STYLE = Automatic;
				DEVELOPMENT_TEAM = NW3X9NZ9UP;
				INFOPLIST_FILE = FanDrageUITests/Info.plist;
				LD_RUNPATH_SEARCH_PATHS = (
					"$(inherited)",
					"@executable_path/Frameworks",
					"@loader_path/Frameworks",
				);
				PRODUCT_BUNDLE_IDENTIFIER = com.fan.FanDrageUITests;
				PRODUCT_NAME = "$(TARGET_NAME)";
				TARGETED_DEVICE_FAMILY = "1,2";
				TEST_TARGET_NAME = FanDrage;
			};
			name = Release;
		};
/* End XCBuildConfiguration section */

/* Begin XCConfigurationList section */
		66A0F4C925A6E26700B61D23 /* Build configuration list for PBXProject "FanDrage" */ = {
			isa = XCConfigurationList;
			buildConfigurations = (
				66A0F4FB25A6E26800B61D23 /* Debug */,
				66A0F4FC25A6E26800B61D23 /* Release */,
			);
			defaultConfigurationIsVisible = 0;
			defaultConfigurationName = Release;
		};
		66A0F4FD25A6E26800B61D23 /* Build configuration list for PBXNativeTarget "FanDrage" */ = {
			isa = XCConfigurationList;
			buildConfigurations = (
				66A0F4FE25A6E26800B61D23 /* Debug */,
				66A0F4FF25A6E26800B61D23 /* Release */,
			);
			defaultConfigurationIsVisible = 0;
			defaultConfigurationName = Release;
		};
		66A0F50025A6E26800B61D23 /* Build configuration list for PBXNativeTarget "FanDrageTests" */ = {
			isa = XCConfigurationList;
			buildConfigurations = (
				66A0F50125A6E26800B61D23 /* Debug */,
				66A0F50225A6E26800B61D23 /* Release */,
			);
			defaultConfigurationIsVisible = 0;
			defaultConfigurationName = Release;
		};
		66A0F50325A6E26800B61D23 /* Build configuration list for PBXNativeTarget "FanDrageUITests" */ = {
			isa = XCConfigurationList;
			buildConfigurations = (
				66A0F50425A6E26800B61D23 /* Debug */,
				66A0F50525A6E26800B61D23 /* Release */,
			);
			defaultConfigurationIsVisible = 0;
			defaultConfigurationName = Release;
		};
/* End XCConfigurationList section */
	};
	rootObject = 66A0F4C625A6E26700B61D23 /* Project object */;
}
